
Microsoft Visual Studio Solution File, Format Version 12.00
# Visual Studio Version 17
VisualStudioVersion = 17.11.35312.102
MinimumVisualStudioVersion = 10.0.40219.1
Project("{9A19103F-16F7-4668-BE54-9A1E7A4F7556}") = "Algorithms", "Algorithms\Algorithms.csproj", "{193866F4-C2C8-4DD5-9221-543F1B41FAAD}"
EndProject
Project("{FAE04EC0-301F-11D3-BF4B-00C04F79EFBC}") = "Tests", "Tests\Tests.csproj", "{8FEE2EEB-9517-4C71-A2BA-7CF0C4401816}"
EndProject
Global
	GlobalSection(SolutionConfigurationPlatforms) = preSolution
		Debug|Any CPU = Debug|Any CPU
		Release|Any CPU = Release|Any CPU
	EndGlobalSection
	GlobalSection(ProjectConfigurationPlatforms) = postSolution
		{193866F4-C2C8-4DD5-9221-543F1B41FAAD}.Debug|Any CPU.ActiveCfg = Debug|Any CPU
		{193866F4-C2C8-4DD5-9221-543F1B41FAAD}.Debug|Any CPU.Build.0 = Debug|Any CPU
		{193866F4-C2C8-4DD5-9221-543F1B41FAAD}.Release|Any CPU.ActiveCfg = Release|Any CPU
		{193866F4-C2C8-4DD5-9221-543F1B41FAAD}.Release|Any CPU.Build.0 = Release|Any CPU
		{8FEE2EEB-9517-4C71-A2BA-7CF0C4401816}.Debug|Any CPU.ActiveCfg = Debug|Any CPU
		{8FEE2EEB-9517-4C71-A2BA-7CF0C4401816}.Debug|Any CPU.Build.0 = Debug|Any CPU
		{8FEE2EEB-9517-4C71-A2BA-7CF0C4401816}.Release|Any CPU.ActiveCfg = Release|Any CPU
		{8FEE2EEB-9517-4C71-A2BA-7CF0C4401816}.Release|Any CPU.Build.0 = Release|Any CPU
	EndGlobalSection
	GlobalSection(SolutionProperties) = preSolution
		HideSolutionNode = FALSE
	EndGlobalSection
	GlobalSection(ExtensibilityGlobals) = postSolution
		SolutionGuid = {FE0A36B4-9D02-48AE-BA3F-50FB2ED14F61}
	EndGlobalSection
EndGlobal
